{
  "version": 4,
  "terraform_version": "1.1.7",
  "serial": 12,
  "lineage": "4eb51702-4bfe-6849-3d81-7c7b79fb32d1",
  "outputs": {},
  "resources": [
    {
      "mode": "managed",
      "type": "aws_launch_configuration",
      "name": "myconfig",
      "provider": "provider[\"registry.terraform.io/hashicorp/aws\"]",
      "instances": [
        {
          "schema_version": 0,
          "attributes": {
            "arn": "arn:aws:autoscaling:eu-west-1:232642663856:launchConfiguration:14c65ec4-3b7c-4404-b397-c16642cb0eed:launchConfigurationName/myconfig",
            "associate_public_ip_address": false,
            "ebs_block_device": [],
            "ebs_optimized": false,
            "enable_monitoring": true,
            "ephemeral_block_device": [],
            "iam_instance_profile": "",
            "id": "myconfig",
            "image_id": "ami-00103874",
            "instance_type": "t2.micro",
            "key_name": "",
            "metadata_options": [],
            "name": "myconfig",
            "name_prefix": "",
            "placement_tenancy": null,
            "root_block_device": [],
            "security_groups": [],
            "spot_price": "",
            "user_data": null,
            "user_data_base64": null,
            "vpc_classic_link_id": "",
            "vpc_classic_link_security_groups": []
          },
          "sensitive_attributes": [],
          "private": "bnVsbA=="
        }
      ]
    }
  ]
}
