{
  "version": 4,
  "terraform_version": "1.2.8",
  "serial": 3,
  "lineage": "a420c492-96c5-edeb-ceee-999107327881",
  "outputs": {},
  "resources": [
    {
      "mode": "managed",
      "type": "aws_security_group",
      "name": "Naujas",
      "provider": "provider[\"registry.terraform.io/hashicorp/aws\"]",
      "instances": [
        {
          "schema_version": 1,
          "attributes": {
            "arn": "arn:aws:ec2:eu-west-1:378692315076:security-group/sg-02fb2e17c787e9039",
            "description": "Allow inbound traffic",
            "egress": [],
            "id": "sg-02fb2e17c787e9039",
            "ingress": [
              {
                "cidr_blocks": [
                  "146.70.82.106/32"
                ],
                "description": " Unconfirmed from Digital Ocean",
                "from_port": 1,
                "ipv6_cidr_blocks": [],
                "prefix_list_ids": [],
                "protocol": "-1",
                "security_groups": [],
                "self": false,
                "to_port": 65530
              },
              {
                "cidr_blocks": [
                  "195.181.165.175/32"
                ],
                "description": " internal VPN IP",
                "from_port": 1,
                "ipv6_cidr_blocks": [],
                "prefix_list_ids": [],
                "protocol": "-1",
                "security_groups": [],
                "self": false,
                "to_port": 65530
              },
              {
                "cidr_blocks": [
                  "217.117.19.186/32"
                ],
                "description": " Sharko HQ IP",
                "from_port": 1,
                "ipv6_cidr_blocks": [],
                "prefix_list_ids": [],
                "protocol": "-1",
                "security_groups": [],
                "self": false,
                "to_port": 65530
              },
              {
                "cidr_blocks": [
                  "3.208.120.145/32"
                ],
                "description": " Unconfirmed from Digital Ocean",
                "from_port": 1,
                "ipv6_cidr_blocks": [],
                "prefix_list_ids": [],
                "protocol": "-1",
                "security_groups": [],
                "self": false,
                "to_port": 65530
              },
              {
                "cidr_blocks": [
                  "34.194.127.46/32"
                ],
                "description": " Unconfirmed from Digital Ocean",
                "from_port": 1,
                "ipv6_cidr_blocks": [],
                "prefix_list_ids": [],
                "protocol": "-1",
                "security_groups": [],
                "self": false,
                "to_port": 65530
              },
              {
                "cidr_blocks": [
                  "34.220.159.42/32"
                ],
                "description": " Unconfirmed from Digital Ocean",
                "from_port": 1,
                "ipv6_cidr_blocks": [],
                "prefix_list_ids": [],
                "protocol": "-1",
                "security_groups": [],
                "self": false,
                "to_port": 65530
              },
              {
                "cidr_blocks": [
                  "5.253.205.197/32"
                ],
                "description": " Unconfirmed from Digital Ocean",
                "from_port": 1,
                "ipv6_cidr_blocks": [],
                "prefix_list_ids": [],
                "protocol": "-1",
                "security_groups": [],
                "self": false,
                "to_port": 65530
              },
              {
                "cidr_blocks": [
                  "51.15.211.169/32"
                ],
                "description": " Unconfirmed from Digital Ocean",
                "from_port": 1,
                "ipv6_cidr_blocks": [],
                "prefix_list_ids": [],
                "protocol": "-1",
                "security_groups": [],
                "self": false,
                "to_port": 65530
              },
              {
                "cidr_blocks": [
                  "54.234.237.108/32"
                ],
                "description": " Unconfirmed from Digital Ocean",
                "from_port": 1,
                "ipv6_cidr_blocks": [],
                "prefix_list_ids": [],
                "protocol": "-1",
                "security_groups": [],
                "self": false,
                "to_port": 65530
              },
              {
                "cidr_blocks": [
                  "78.56.226.158/32"
                ],
                "description": " Povilo/Tado",
                "from_port": 1,
                "ipv6_cidr_blocks": [],
                "prefix_list_ids": [],
                "protocol": "-1",
                "security_groups": [],
                "self": false,
                "to_port": 65530
              },
              {
                "cidr_blocks": [
                  "78.63.87.6/32"
                ],
                "description": " Giedriaus",
                "from_port": 1,
                "ipv6_cidr_blocks": [],
                "prefix_list_ids": [],
                "protocol": "-1",
                "security_groups": [],
                "self": false,
                "to_port": 65530
              },
              {
                "cidr_blocks": [
                  "87.239.87.205/32"
                ],
                "description": " Povilo/Tado",
                "from_port": 1,
                "ipv6_cidr_blocks": [],
                "prefix_list_ids": [],
                "protocol": "-1",
                "security_groups": [],
                "self": false,
                "to_port": 65530
              },
              {
                "cidr_blocks": [
                  "89.34.99.57/32"
                ],
                "description": " internal VPN IP",
                "from_port": 1,
                "ipv6_cidr_blocks": [],
                "prefix_list_ids": [],
                "protocol": "-1",
                "security_groups": [],
                "self": false,
                "to_port": 65530
              },
              {
                "cidr_blocks": [
                  "92.249.36.184/32"
                ],
                "description": " internal VPN IP",
                "from_port": 1,
                "ipv6_cidr_blocks": [],
                "prefix_list_ids": [],
                "protocol": "-1",
                "security_groups": [],
                "self": false,
                "to_port": 65530
              },
              {
                "cidr_blocks": [
                  "92.249.36.185/32"
                ],
                "description": " internal VPN IP",
                "from_port": 1,
                "ipv6_cidr_blocks": [],
                "prefix_list_ids": [],
                "protocol": "-1",
                "security_groups": [],
                "self": false,
                "to_port": 65530
              },
              {
                "cidr_blocks": [
                  "92.249.36.4/32"
                ],
                "description": " internal VPN IP",
                "from_port": 1,
                "ipv6_cidr_blocks": [],
                "prefix_list_ids": [],
                "protocol": "-1",
                "security_groups": [],
                "self": false,
                "to_port": 65530
              }
            ],
            "name": "New Security Group",
            "name_prefix": "",
            "owner_id": "378692315076",
            "revoke_rules_on_delete": false,
            "tags": {
              "Name": "Naujas"
            },
            "tags_all": {
              "Name": "Naujas"
            },
            "timeouts": null,
            "vpc_id": "vpc-0d6270325c0cad477"
          },
          "sensitive_attributes": [],
          "private": "eyJlMmJmYjczMC1lY2FhLTExZTYtOGY4OC0zNDM2M2JjN2M0YzAiOnsiY3JlYXRlIjo2MDAwMDAwMDAwMDAsImRlbGV0ZSI6OTAwMDAwMDAwMDAwfSwic2NoZW1hX3ZlcnNpb24iOiIxIn0="
        }
      ]
    }
  ]
}
